
Microsoft Visual Studio Solution File, Format Version 12.00
# Visual Studio Version 17
VisualStudioVersion = 17.10.34916.146
MinimumVisualStudioVersion = 10.0.40219.1
Project("{FAE04EC0-301F-11D3-BF4B-00C04F79EFBC}") = "Curriculum", "Curriculum.csproj", "{81F98A1A-B9EC-42FC-814D-5C4D4655DF48}"
EndProject
Global
	GlobalSection(SolutionConfigurationPlatforms) = preSolution
		Debug|Any CPU = Debug|Any CPU
		Release|Any CPU = Release|Any CPU
	EndGlobalSection
	GlobalSection(ProjectConfigurationPlatforms) = postSolution
		{81F98A1A-B9EC-42FC-814D-5C4D4655DF48}.Debug|Any CPU.ActiveCfg = Debug|Any CPU
		{81F98A1A-B9EC-42FC-814D-5C4D4655DF48}.Debug|Any CPU.Build.0 = Debug|Any CPU
		{81F98A1A-B9EC-42FC-814D-5C4D4655DF48}.Release|Any CPU.ActiveCfg = Release|Any CPU
		{81F98A1A-B9EC-42FC-814D-5C4D4655DF48}.Release|Any CPU.Build.0 = Release|Any CPU
	EndGlobalSection
	GlobalSection(SolutionProperties) = preSolution
		HideSolutionNode = FALSE
	EndGlobalSection
	GlobalSection(ExtensibilityGlobals) = postSolution
		SolutionGuid = {CA90E55B-0FEF-4742-A619-CA5C5DC21CDE}
	EndGlobalSection
EndGlobal
